
Microsoft Visual Studio Solution File, Format Version 12.00
# Visual Studio Version 16
VisualStudioVersion = 16.0.30907.101
MinimumVisualStudioVersion = 10.0.40219.1
Project("{FAE04EC0-301F-11D3-BF4B-00C04F79EFBC}") = "library_class", "library_class\library_class.csproj", "{71233173-A23A-45A0-8772-71FFB4336437}"
EndProject
Project("{FAE04EC0-301F-11D3-BF4B-00C04F79EFBC}") = "stud_class", "stud_class\stud_class.csproj", "{304A9475-1EF9-4934-8682-958F9A749866}"
EndProject
Global
	GlobalSection(SolutionConfigurationPlatforms) = preSolution
		Debug|Any CPU = Debug|Any CPU
		Release|Any CPU = Release|Any CPU
	EndGlobalSection
	GlobalSection(ProjectConfigurationPlatforms) = postSolution
		{71233173-A23A-45A0-8772-71FFB4336437}.Debug|Any CPU.ActiveCfg = Debug|Any CPU
		{71233173-A23A-45A0-8772-71FFB4336437}.Debug|Any CPU.Build.0 = Debug|Any CPU
		{71233173-A23A-45A0-8772-71FFB4336437}.Release|Any CPU.ActiveCfg = Release|Any CPU
		{71233173-A23A-45A0-8772-71FFB4336437}.Release|Any CPU.Build.0 = Release|Any CPU
		{304A9475-1EF9-4934-8682-958F9A749866}.Debug|Any CPU.ActiveCfg = Debug|Any CPU
		{304A9475-1EF9-4934-8682-958F9A749866}.Debug|Any CPU.Build.0 = Debug|Any CPU
		{304A9475-1EF9-4934-8682-958F9A749866}.Release|Any CPU.ActiveCfg = Release|Any CPU
		{304A9475-1EF9-4934-8682-958F9A749866}.Release|Any CPU.Build.0 = Release|Any CPU
	EndGlobalSection
	GlobalSection(SolutionProperties) = preSolution
		HideSolutionNode = FALSE
	EndGlobalSection
	GlobalSection(ExtensibilityGlobals) = postSolution
		SolutionGuid = {157EA020-23B3-43F4-8EC3-08F56F90A063}
	EndGlobalSection
EndGlobal
